// !$*UTF8*$!
{
	archiveVersion = 1;
	classes = {
	};
	objectVersion = 51;
	objects = {

/* Begin PBXBuildFile section */
		05E3E388A97ADE1099F99FE5 /* Pods_FilmzillaTests.framework in Frameworks */ = {isa = PBXBuildFile; fileRef = 804DB536E0C73E5A9BFFA693 /* Pods_FilmzillaTests.framework */; };
		7E5154C45136E1237D76A903 /* Pods_Filmzilla_FilmzillaUITests.framework in Frameworks */ = {isa = PBXBuildFile; fileRef = 6DDF864730F2C1905A2A3596 /* Pods_Filmzilla_FilmzillaUITests.framework */; };
		884EE63FC57FE98AD6FFE31E /* Pods_Filmzilla.framework in Frameworks */ = {isa = PBXBuildFile; fileRef = B5844830DC181569CEF23204 /* Pods_Filmzilla.framework */; };
		CA893ECF24A3C754002B7117 /* AppDelegate.m in Sources */ = {isa = PBXBuildFile; fileRef = CA893ECE24A3C754002B7117 /* AppDelegate.m */; };
		CA893ED224A3C754002B7117 /* SceneDelegate.m in Sources */ = {isa = PBXBuildFile; fileRef = CA893ED124A3C754002B7117 /* SceneDelegate.m */; };
		CA893ED824A3C754002B7117 /* Main.storyboard in Resources */ = {isa = PBXBuildFile; fileRef = CA893ED624A3C754002B7117 /* Main.storyboard */; };
		CA893EDA24A3C755002B7117 /* Assets.xcassets in Resources */ = {isa = PBXBuildFile; fileRef = CA893ED924A3C755002B7117 /* Assets.xcassets */; };
		CA893EDD24A3C755002B7117 /* LaunchScreen.storyboard in Resources */ = {isa = PBXBuildFile; fileRef = CA893EDB24A3C755002B7117 /* LaunchScreen.storyboard */; };
		CA893EE024A3C755002B7117 /* main.m in Sources */ = {isa = PBXBuildFile; fileRef = CA893EDF24A3C755002B7117 /* main.m */; };
		CA893EEA24A3C755002B7117 /* FilmzillaTests.m in Sources */ = {isa = PBXBuildFile; fileRef = CA893EE924A3C755002B7117 /* FilmzillaTests.m */; };
		CA893EF524A3C755002B7117 /* FilmzillaUITests.m in Sources */ = {isa = PBXBuildFile; fileRef = CA893EF424A3C755002B7117 /* FilmzillaUITests.m */; };
		CA893F0424A3D22B002B7117 /* MoviesViewController.m in Sources */ = {isa = PBXBuildFile; fileRef = CA893F0324A3D22B002B7117 /* MoviesViewController.m */; };
		CA893F0A24A3FED3002B7117 /* MovieCell.m in Sources */ = {isa = PBXBuildFile; fileRef = CA893F0924A3FED3002B7117 /* MovieCell.m */; };
		CA8C11F624A826E4004CDCC2 /* TrailerViewController.m in Sources */ = {isa = PBXBuildFile; fileRef = CA8C11F524A826E4004CDCC2 /* TrailerViewController.m */; };
		CA8C11F824A827DA004CDCC2 /* WebKit.framework in Frameworks */ = {isa = PBXBuildFile; fileRef = CA8C11F724A827DA004CDCC2 /* WebKit.framework */; };
		CA8C11FC24A872B6004CDCC2 /* AboutViewController.m in Sources */ = {isa = PBXBuildFile; fileRef = CA8C11FB24A872B6004CDCC2 /* AboutViewController.m */; };
		CA8C11FF24A87735004CDCC2 /* GithubViewController.m in Sources */ = {isa = PBXBuildFile; fileRef = CA8C11FE24A87735004CDCC2 /* GithubViewController.m */; };
		CA8C120224A87EAD004CDCC2 /* RecommendViewController.m in Sources */ = {isa = PBXBuildFile; fileRef = CA8C120124A87EAD004CDCC2 /* RecommendViewController.m */; };
		CA9409C824A45F5F000558FC /* MoviesGridViewController.m in Sources */ = {isa = PBXBuildFile; fileRef = CA9409C724A45F5F000558FC /* MoviesGridViewController.m */; };
		CA9409CB24A46236000558FC /* MovieCollectionCell.m in Sources */ = {isa = PBXBuildFile; fileRef = CA9409CA24A46236000558FC /* MovieCollectionCell.m */; };
		CAC9A68C24A576CA00C8922C /* ReviewController.m in Sources */ = {isa = PBXBuildFile; fileRef = CAC9A68B24A576CA00C8922C /* ReviewController.m */; };
		CAC9A68F24A5857500C8922C /* ReviewCell.m in Sources */ = {isa = PBXBuildFile; fileRef = CAC9A68E24A5857500C8922C /* ReviewCell.m */; };
		CAC9A69224A5BD3000C8922C /* WatchlistController.m in Sources */ = {isa = PBXBuildFile; fileRef = CAC9A69124A5BD3000C8922C /* WatchlistController.m */; };
		CAF29AB424A43F3A004AC1CF /* DetailsViewController.m in Sources */ = {isa = PBXBuildFile; fileRef = CAF29AB324A43F39004AC1CF /* DetailsViewController.m */; };
/* End PBXBuildFile section */

/* Begin PBXContainerItemProxy section */
		CA893EE624A3C755002B7117 /* PBXContainerItemProxy */ = {
			isa = PBXContainerItemProxy;
			containerPortal = CA893EC224A3C754002B7117 /* Project object */;
			proxyType = 1;
			remoteGlobalIDString = CA893EC924A3C754002B7117;
			remoteInfo = Filmzilla;
		};
		CA893EF124A3C755002B7117 /* PBXContainerItemProxy */ = {
			isa = PBXContainerItemProxy;
			containerPortal = CA893EC224A3C754002B7117 /* Project object */;
			proxyType = 1;
			remoteGlobalIDString = CA893EC924A3C754002B7117;
			remoteInfo = Filmzilla;
		};
/* End PBXContainerItemProxy section */

/* Begin PBXFileReference section */
		05C98693F8B73422971E271D /* Pods-FilmzillaTests.release.xcconfig */ = {isa = PBXFileReference; includeInIndex = 1; lastKnownFileType = text.xcconfig; name = "Pods-FilmzillaTests.release.xcconfig"; path = "Target Support Files/Pods-FilmzillaTests/Pods-FilmzillaTests.release.xcconfig"; sourceTree = "<group>"; };
		1336E71C483B15422829721E /* Pods-Filmzilla-FilmzillaUITests.release.xcconfig */ = {isa = PBXFileReference; includeInIndex = 1; lastKnownFileType = text.xcconfig; name = "Pods-Filmzilla-FilmzillaUITests.release.xcconfig"; path = "Target Support Files/Pods-Filmzilla-FilmzillaUITests/Pods-Filmzilla-FilmzillaUITests.release.xcconfig"; sourceTree = "<group>"; };
		51205690FCBBB8F4880CC78D /* Pods-Filmzilla.release.xcconfig */ = {isa = PBXFileReference; includeInIndex = 1; lastKnownFileType = text.xcconfig; name = "Pods-Filmzilla.release.xcconfig"; path = "Target Support Files/Pods-Filmzilla/Pods-Filmzilla.release.xcconfig"; sourceTree = "<group>"; };
		6DDF864730F2C1905A2A3596 /* Pods_Filmzilla_FilmzillaUITests.framework */ = {isa = PBXFileReference; explicitFileType = wrapper.framework; includeInIndex = 0; path = Pods_Filmzilla_FilmzillaUITests.framework; sourceTree = BUILT_PRODUCTS_DIR; };
		804DB536E0C73E5A9BFFA693 /* Pods_FilmzillaTests.framework */ = {isa = PBXFileReference; explicitFileType = wrapper.framework; includeInIndex = 0; path = Pods_FilmzillaTests.framework; sourceTree = BUILT_PRODUCTS_DIR; };
		B3F680E3F14886E4531AC3C6 /* Pods-Filmzilla-FilmzillaUITests.debug.xcconfig */ = {isa = PBXFileReference; includeInIndex = 1; lastKnownFileType = text.xcconfig; name = "Pods-Filmzilla-FilmzillaUITests.debug.xcconfig"; path = "Target Support Files/Pods-Filmzilla-FilmzillaUITests/Pods-Filmzilla-FilmzillaUITests.debug.xcconfig"; sourceTree = "<group>"; };
		B5844830DC181569CEF23204 /* Pods_Filmzilla.framework */ = {isa = PBXFileReference; explicitFileType = wrapper.framework; includeInIndex = 0; path = Pods_Filmzilla.framework; sourceTree = BUILT_PRODUCTS_DIR; };
		C87C010C4FE660A6EAA8828E /* Pods-FilmzillaTests.debug.xcconfig */ = {isa = PBXFileReference; includeInIndex = 1; lastKnownFileType = text.xcconfig; name = "Pods-FilmzillaTests.debug.xcconfig"; path = "Target Support Files/Pods-FilmzillaTests/Pods-FilmzillaTests.debug.xcconfig"; sourceTree = "<group>"; };
		CA893ECA24A3C754002B7117 /* Filmzilla.app */ = {isa = PBXFileReference; explicitFileType = wrapper.application; includeInIndex = 0; path = Filmzilla.app; sourceTree = BUILT_PRODUCTS_DIR; };
		CA893ECD24A3C754002B7117 /* AppDelegate.h */ = {isa = PBXFileReference; lastKnownFileType = sourcecode.c.h; path = AppDelegate.h; sourceTree = "<group>"; };
		CA893ECE24A3C754002B7117 /* AppDelegate.m */ = {isa = PBXFileReference; lastKnownFileType = sourcecode.c.objc; path = AppDelegate.m; sourceTree = "<group>"; };
		CA893ED024A3C754002B7117 /* SceneDelegate.h */ = {isa = PBXFileReference; lastKnownFileType = sourcecode.c.h; path = SceneDelegate.h; sourceTree = "<group>"; };
		CA893ED124A3C754002B7117 /* SceneDelegate.m */ = {isa = PBXFileReference; lastKnownFileType = sourcecode.c.objc; path = SceneDelegate.m; sourceTree = "<group>"; };
		CA893ED724A3C754002B7117 /* Base */ = {isa = PBXFileReference; lastKnownFileType = file.storyboard; name = Base; path = Base.lproj/Main.storyboard; sourceTree = "<group>"; };
		CA893ED924A3C755002B7117 /* Assets.xcassets */ = {isa = PBXFileReference; lastKnownFileType = folder.assetcatalog; path = Assets.xcassets; sourceTree = "<group>"; };
		CA893EDC24A3C755002B7117 /* Base */ = {isa = PBXFileReference; lastKnownFileType = file.storyboard; name = Base; path = Base.lproj/LaunchScreen.storyboard; sourceTree = "<group>"; };
		CA893EDE24A3C755002B7117 /* Info.plist */ = {isa = PBXFileReference; lastKnownFileType = text.plist.xml; path = Info.plist; sourceTree = "<group>"; };
		CA893EDF24A3C755002B7117 /* main.m */ = {isa = PBXFileReference; lastKnownFileType = sourcecode.c.objc; path = main.m; sourceTree = "<group>"; };
		CA893EE524A3C755002B7117 /* FilmzillaTests.xctest */ = {isa = PBXFileReference; explicitFileType = wrapper.cfbundle; includeInIndex = 0; path = FilmzillaTests.xctest; sourceTree = BUILT_PRODUCTS_DIR; };
		CA893EE924A3C755002B7117 /* FilmzillaTests.m */ = {isa = PBXFileReference; lastKnownFileType = sourcecode.c.objc; path = FilmzillaTests.m; sourceTree = "<group>"; };
		CA893EEB24A3C755002B7117 /* Info.plist */ = {isa = PBXFileReference; lastKnownFileType = text.plist.xml; path = Info.plist; sourceTree = "<group>"; };
		CA893EF024A3C755002B7117 /* FilmzillaUITests.xctest */ = {isa = PBXFileReference; explicitFileType = wrapper.cfbundle; includeInIndex = 0; path = FilmzillaUITests.xctest; sourceTree = BUILT_PRODUCTS_DIR; };
		CA893EF424A3C755002B7117 /* FilmzillaUITests.m */ = {isa = PBXFileReference; lastKnownFileType = sourcecode.c.objc; path = FilmzillaUITests.m; sourceTree = "<group>"; };
		CA893EF624A3C755002B7117 /* Info.plist */ = {isa = PBXFileReference; lastKnownFileType = text.plist.xml; path = Info.plist; sourceTree = "<group>"; };
		CA893F0224A3D22B002B7117 /* MoviesViewController.h */ = {isa = PBXFileReference; lastKnownFileType = sourcecode.c.h; path = MoviesViewController.h; sourceTree = "<group>"; };
		CA893F0324A3D22B002B7117 /* MoviesViewController.m */ = {isa = PBXFileReference; lastKnownFileType = sourcecode.c.objc; path = MoviesViewController.m; sourceTree = "<group>"; };
		CA893F0824A3FED3002B7117 /* MovieCell.h */ = {isa = PBXFileReference; lastKnownFileType = sourcecode.c.h; path = MovieCell.h; sourceTree = "<group>"; };
		CA893F0924A3FED3002B7117 /* MovieCell.m */ = {isa = PBXFileReference; lastKnownFileType = sourcecode.c.objc; path = MovieCell.m; sourceTree = "<group>"; };
		CA8C11F424A826E4004CDCC2 /* TrailerViewController.h */ = {isa = PBXFileReference; lastKnownFileType = sourcecode.c.h; path = TrailerViewController.h; sourceTree = "<group>"; };
		CA8C11F524A826E4004CDCC2 /* TrailerViewController.m */ = {isa = PBXFileReference; lastKnownFileType = sourcecode.c.objc; path = TrailerViewController.m; sourceTree = "<group>"; };
		CA8C11F724A827DA004CDCC2 /* WebKit.framework */ = {isa = PBXFileReference; lastKnownFileType = wrapper.framework; name = WebKit.framework; path = System/Library/Frameworks/WebKit.framework; sourceTree = SDKROOT; };
		CA8C11F924A838ED004CDCC2 /* CellDelegate.h */ = {isa = PBXFileReference; lastKnownFileType = sourcecode.c.h; path = CellDelegate.h; sourceTree = "<group>"; };
		CA8C11FA24A872B6004CDCC2 /* AboutViewController.h */ = {isa = PBXFileReference; lastKnownFileType = sourcecode.c.h; path = AboutViewController.h; sourceTree = "<group>"; };
		CA8C11FB24A872B6004CDCC2 /* AboutViewController.m */ = {isa = PBXFileReference; lastKnownFileType = sourcecode.c.objc; path = AboutViewController.m; sourceTree = "<group>"; };
		CA8C11FD24A87735004CDCC2 /* GithubViewController.h */ = {isa = PBXFileReference; lastKnownFileType = sourcecode.c.h; path = GithubViewController.h; sourceTree = "<group>"; };
		CA8C11FE24A87735004CDCC2 /* GithubViewController.m */ = {isa = PBXFileReference; lastKnownFileType = sourcecode.c.objc; path = GithubViewController.m; sourceTree = "<group>"; };
		CA8C120024A87EAD004CDCC2 /* RecommendViewController.h */ = {isa = PBXFileReference; lastKnownFileType = sourcecode.c.h; path = RecommendViewController.h; sourceTree = "<group>"; };
		CA8C120124A87EAD004CDCC2 /* RecommendViewController.m */ = {isa = PBXFileReference; lastKnownFileType = sourcecode.c.objc; path = RecommendViewController.m; sourceTree = "<group>"; };
		CA9409C624A45F5F000558FC /* MoviesGridViewController.h */ = {isa = PBXFileReference; lastKnownFileType = sourcecode.c.h; path = MoviesGridViewController.h; sourceTree = "<group>"; };
		CA9409C724A45F5F000558FC /* MoviesGridViewController.m */ = {isa = PBXFileReference; lastKnownFileType = sourcecode.c.objc; path = MoviesGridViewController.m; sourceTree = "<group>"; };
		CA9409C924A46236000558FC /* MovieCollectionCell.h */ = {isa = PBXFileReference; lastKnownFileType = sourcecode.c.h; path = MovieCollectionCell.h; sourceTree = "<group>"; };
		CA9409CA24A46236000558FC /* MovieCollectionCell.m */ = {isa = PBXFileReference; lastKnownFileType = sourcecode.c.objc; path = MovieCollectionCell.m; sourceTree = "<group>"; };
		CAC9A68A24A576CA00C8922C /* ReviewController.h */ = {isa = PBXFileReference; lastKnownFileType = sourcecode.c.h; path = ReviewController.h; sourceTree = "<group>"; };
		CAC9A68B24A576CA00C8922C /* ReviewController.m */ = {isa = PBXFileReference; lastKnownFileType = sourcecode.c.objc; path = ReviewController.m; sourceTree = "<group>"; };
		CAC9A68D24A5857500C8922C /* ReviewCell.h */ = {isa = PBXFileReference; lastKnownFileType = sourcecode.c.h; path = ReviewCell.h; sourceTree = "<group>"; };
		CAC9A68E24A5857500C8922C /* ReviewCell.m */ = {isa = PBXFileReference; lastKnownFileType = sourcecode.c.objc; path = ReviewCell.m; sourceTree = "<group>"; };
		CAC9A69024A5BD3000C8922C /* WatchlistController.h */ = {isa = PBXFileReference; lastKnownFileType = sourcecode.c.h; path = WatchlistController.h; sourceTree = "<group>"; };
		CAC9A69124A5BD3000C8922C /* WatchlistController.m */ = {isa = PBXFileReference; lastKnownFileType = sourcecode.c.objc; path = WatchlistController.m; sourceTree = "<group>"; };
		CAF29AB224A43F39004AC1CF /* DetailsViewController.h */ = {isa = PBXFileReference; lastKnownFileType = sourcecode.c.h; path = DetailsViewController.h; sourceTree = "<group>"; };
		CAF29AB324A43F39004AC1CF /* DetailsViewController.m */ = {isa = PBXFileReference; lastKnownFileType = sourcecode.c.objc; path = DetailsViewController.m; sourceTree = "<group>"; };
		D82987F7A3AEBFB01DDEAFEF /* Pods-Filmzilla.debug.xcconfig */ = {isa = PBXFileReference; includeInIndex = 1; lastKnownFileType = text.xcconfig; name = "Pods-Filmzilla.debug.xcconfig"; path = "Target Support Files/Pods-Filmzilla/Pods-Filmzilla.debug.xcconfig"; sourceTree = "<group>"; };
/* End PBXFileReference section */

/* Begin PBXFrameworksBuildPhase section */
		CA893EC724A3C754002B7117 /* Frameworks */ = {
			isa = PBXFrameworksBuildPhase;
			buildActionMask = 2147483647;
			files = (
				CA8C11F824A827DA004CDCC2 /* WebKit.framework in Frameworks */,
				884EE63FC57FE98AD6FFE31E /* Pods_Filmzilla.framework in Frameworks */,
			);
			runOnlyForDeploymentPostprocessing = 0;
		};
		CA893EE224A3C755002B7117 /* Frameworks */ = {
			isa = PBXFrameworksBuildPhase;
			buildActionMask = 2147483647;
			files = (
				05E3E388A97ADE1099F99FE5 /* Pods_FilmzillaTests.framework in Frameworks */,
			);
			runOnlyForDeploymentPostprocessing = 0;
		};
		CA893EED24A3C755002B7117 /* Frameworks */ = {
			isa = PBXFrameworksBuildPhase;
			buildActionMask = 2147483647;
			files = (
				7E5154C45136E1237D76A903 /* Pods_Filmzilla_FilmzillaUITests.framework in Frameworks */,
			);
			runOnlyForDeploymentPostprocessing = 0;
		};
/* End PBXFrameworksBuildPhase section */

/* Begin PBXGroup section */
		B6EB42F051AE819EE7143296 /* Frameworks */ = {
			isa = PBXGroup;
			children = (
				CA8C11F724A827DA004CDCC2 /* WebKit.framework */,
				B5844830DC181569CEF23204 /* Pods_Filmzilla.framework */,
				6DDF864730F2C1905A2A3596 /* Pods_Filmzilla_FilmzillaUITests.framework */,
				804DB536E0C73E5A9BFFA693 /* Pods_FilmzillaTests.framework */,
			);
			name = Frameworks;
			sourceTree = "<group>";
		};
		C58BD07000D6CF33FF5264D6 /* Pods */ = {
			isa = PBXGroup;
			children = (
				D82987F7A3AEBFB01DDEAFEF /* Pods-Filmzilla.debug.xcconfig */,
				51205690FCBBB8F4880CC78D /* Pods-Filmzilla.release.xcconfig */,
				B3F680E3F14886E4531AC3C6 /* Pods-Filmzilla-FilmzillaUITests.debug.xcconfig */,
				1336E71C483B15422829721E /* Pods-Filmzilla-FilmzillaUITests.release.xcconfig */,
				C87C010C4FE660A6EAA8828E /* Pods-FilmzillaTests.debug.xcconfig */,
				05C98693F8B73422971E271D /* Pods-FilmzillaTests.release.xcconfig */,
			);
			path = Pods;
			sourceTree = "<group>";
		};
		CA893EC124A3C754002B7117 = {
			isa = PBXGroup;
			children = (
				CA893ECC24A3C754002B7117 /* Filmzilla */,
				CA893EE824A3C755002B7117 /* FilmzillaTests */,
				CA893EF324A3C755002B7117 /* FilmzillaUITests */,
				CA893ECB24A3C754002B7117 /* Products */,
				C58BD07000D6CF33FF5264D6 /* Pods */,
				B6EB42F051AE819EE7143296 /* Frameworks */,
			);
			sourceTree = "<group>";
		};
		CA893ECB24A3C754002B7117 /* Products */ = {
			isa = PBXGroup;
			children = (
				CA893ECA24A3C754002B7117 /* Filmzilla.app */,
				CA893EE524A3C755002B7117 /* FilmzillaTests.xctest */,
				CA893EF024A3C755002B7117 /* FilmzillaUITests.xctest */,
			);
			name = Products;
			sourceTree = "<group>";
		};
		CA893ECC24A3C754002B7117 /* Filmzilla */ = {
			isa = PBXGroup;
			children = (
				CA893ED624A3C754002B7117 /* Main.storyboard */,
				CA893EDB24A3C755002B7117 /* LaunchScreen.storyboard */,
				CA893ECD24A3C754002B7117 /* AppDelegate.h */,
				CA893ECE24A3C754002B7117 /* AppDelegate.m */,
				CA893ED024A3C754002B7117 /* SceneDelegate.h */,
				CA893ED124A3C754002B7117 /* SceneDelegate.m */,
				CA893F0224A3D22B002B7117 /* MoviesViewController.h */,
				CA893F0324A3D22B002B7117 /* MoviesViewController.m */,
				CA893F0824A3FED3002B7117 /* MovieCell.h */,
				CA893F0924A3FED3002B7117 /* MovieCell.m */,
				CAF29AB224A43F39004AC1CF /* DetailsViewController.h */,
				CAF29AB324A43F39004AC1CF /* DetailsViewController.m */,
				CA9409C624A45F5F000558FC /* MoviesGridViewController.h */,
				CA9409C724A45F5F000558FC /* MoviesGridViewController.m */,
				CA893EDE24A3C755002B7117 /* Info.plist */,
				CA893EDF24A3C755002B7117 /* main.m */,
				CA9409C924A46236000558FC /* MovieCollectionCell.h */,
				CA9409CA24A46236000558FC /* MovieCollectionCell.m */,
				CAC9A68A24A576CA00C8922C /* ReviewController.h */,
				CAC9A68B24A576CA00C8922C /* ReviewController.m */,
				CAC9A68D24A5857500C8922C /* ReviewCell.h */,
				CAC9A68E24A5857500C8922C /* ReviewCell.m */,
				CAC9A69024A5BD3000C8922C /* WatchlistController.h */,
				CAC9A69124A5BD3000C8922C /* WatchlistController.m */,
				CA8C11F424A826E4004CDCC2 /* TrailerViewController.h */,
				CA8C11F524A826E4004CDCC2 /* TrailerViewController.m */,
				CA8C11F924A838ED004CDCC2 /* CellDelegate.h */,
				CA8C11FA24A872B6004CDCC2 /* AboutViewController.h */,
				CA8C11FB24A872B6004CDCC2 /* AboutViewController.m */,
				CA8C11FD24A87735004CDCC2 /* GithubViewController.h */,
				CA8C11FE24A87735004CDCC2 /* GithubViewController.m */,
				CA8C120024A87EAD004CDCC2 /* RecommendViewController.h */,
				CA8C120124A87EAD004CDCC2 /* RecommendViewController.m */,
				CA893ED924A3C755002B7117 /* Assets.xcassets */,
			);
			path = Filmzilla;
			sourceTree = "<group>";
		};
		CA893EE824A3C755002B7117 /* FilmzillaTests */ = {
			isa = PBXGroup;
			children = (
				CA893EE924A3C755002B7117 /* FilmzillaTests.m */,
				CA893EEB24A3C755002B7117 /* Info.plist */,
			);
			path = FilmzillaTests;
			sourceTree = "<group>";
		};
		CA893EF324A3C755002B7117 /* FilmzillaUITests */ = {
			isa = PBXGroup;
			children = (
				CA893EF424A3C755002B7117 /* FilmzillaUITests.m */,
				CA893EF624A3C755002B7117 /* Info.plist */,
			);
			path = FilmzillaUITests;
			sourceTree = "<group>";
		};
/* End PBXGroup section */

/* Begin PBXNativeTarget section */
		CA893EC924A3C754002B7117 /* Filmzilla */ = {
			isa = PBXNativeTarget;
			buildConfigurationList = CA893EF924A3C755002B7117 /* Build configuration list for PBXNativeTarget "Filmzilla" */;
			buildPhases = (
				4EDA8D6F73E4E02DFEA8DC0C /* [CP] Check Pods Manifest.lock */,
				CA893EC624A3C754002B7117 /* Sources */,
				CA893EC724A3C754002B7117 /* Frameworks */,
				CA893EC824A3C754002B7117 /* Resources */,
				55BEC6ADE719C1B98117BF2B /* [CP] Embed Pods Frameworks */,
			);
			buildRules = (
			);
			dependencies = (
			);
			name = Filmzilla;
			productName = Filmzilla;
			productReference = CA893ECA24A3C754002B7117 /* Filmzilla.app */;
			productType = "com.apple.product-type.application";
		};
		CA893EE424A3C755002B7117 /* FilmzillaTests */ = {
			isa = PBXNativeTarget;
			buildConfigurationList = CA893EFC24A3C755002B7117 /* Build configuration list for PBXNativeTarget "FilmzillaTests" */;
			buildPhases = (
				0E6C0BB22AFBEA858DD7F2D9 /* [CP] Check Pods Manifest.lock */,
				CA893EE124A3C755002B7117 /* Sources */,
				CA893EE224A3C755002B7117 /* Frameworks */,
				CA893EE324A3C755002B7117 /* Resources */,
			);
			buildRules = (
			);
			dependencies = (
				CA893EE724A3C755002B7117 /* PBXTargetDependency */,
			);
			name = FilmzillaTests;
			productName = FilmzillaTests;
			productReference = CA893EE524A3C755002B7117 /* FilmzillaTests.xctest */;
			productType = "com.apple.product-type.bundle.unit-test";
		};
		CA893EEF24A3C755002B7117 /* FilmzillaUITests */ = {
			isa = PBXNativeTarget;
			buildConfigurationList = CA893EFF24A3C755002B7117 /* Build configuration list for PBXNativeTarget "FilmzillaUITests" */;
			buildPhases = (
				CB53748E860C6D4D1BFCD1F8 /* [CP] Check Pods Manifest.lock */,
				CA893EEC24A3C755002B7117 /* Sources */,
				CA893EED24A3C755002B7117 /* Frameworks */,
				CA893EEE24A3C755002B7117 /* Resources */,
				B0EDF94B4918EA6A0A17B92D /* [CP] Embed Pods Frameworks */,
			);
			buildRules = (
			);
			dependencies = (
				CA893EF224A3C755002B7117 /* PBXTargetDependency */,
			);
			name = FilmzillaUITests;
			productName = FilmzillaUITests;
			productReference = CA893EF024A3C755002B7117 /* FilmzillaUITests.xctest */;
			productType = "com.apple.product-type.bundle.ui-testing";
		};
/* End PBXNativeTarget section */

/* Begin PBXProject section */
		CA893EC224A3C754002B7117 /* Project object */ = {
			isa = PBXProject;
			attributes = {
				LastUpgradeCheck = 1150;
				ORGANIZATIONNAME = "Githel Lynn Suico";
				TargetAttributes = {
					CA893EC924A3C754002B7117 = {
						CreatedOnToolsVersion = 11.5;
					};
					CA893EE424A3C755002B7117 = {
						CreatedOnToolsVersion = 11.5;
						TestTargetID = CA893EC924A3C754002B7117;
					};
					CA893EEF24A3C755002B7117 = {
						CreatedOnToolsVersion = 11.5;
						TestTargetID = CA893EC924A3C754002B7117;
					};
				};
			};
			buildConfigurationList = CA893EC524A3C754002B7117 /* Build configuration list for PBXProject "Filmzilla" */;
			compatibilityVersion = "Xcode 9.3";
			developmentRegion = en;
			hasScannedForEncodings = 0;
			knownRegions = (
				en,
				Base,
			);
			mainGroup = CA893EC124A3C754002B7117;
			productRefGroup = CA893ECB24A3C754002B7117 /* Products */;
			projectDirPath = "";
			projectRoot = "";
			targets = (
				CA893EC924A3C754002B7117 /* Filmzilla */,
				CA893EE424A3C755002B7117 /* FilmzillaTests */,
				CA893EEF24A3C755002B7117 /* FilmzillaUITests */,
			);
		};
/* End PBXProject section */

/* Begin PBXResourcesBuildPhase section */
		CA893EC824A3C754002B7117 /* Resources */ = {
			isa = PBXResourcesBuildPhase;
			buildActionMask = 2147483647;
			files = (
				CA893EDD24A3C755002B7117 /* LaunchScreen.storyboard in Resources */,
				CA893EDA24A3C755002B7117 /* Assets.xcassets in Resources */,
				CA893ED824A3C754002B7117 /* Main.storyboard in Resources */,
			);
			runOnlyForDeploymentPostprocessing = 0;
		};
		CA893EE324A3C755002B7117 /* Resources */ = {
			isa = PBXResourcesBuildPhase;
			buildActionMask = 2147483647;
			files = (
			);
			runOnlyForDeploymentPostprocessing = 0;
		};
		CA893EEE24A3C755002B7117 /* Resources */ = {
			isa = PBXResourcesBuildPhase;
			buildActionMask = 2147483647;
			files = (
			);
			runOnlyForDeploymentPostprocessing = 0;
		};
/* End PBXResourcesBuildPhase section */

/* Begin PBXShellScriptBuildPhase section */
		0E6C0BB22AFBEA858DD7F2D9 /* [CP] Check Pods Manifest.lock */ = {
			isa = PBXShellScriptBuildPhase;
			buildActionMask = 2147483647;
			files = (
			);
			inputFileListPaths = (
			);
			inputPaths = (
				"${PODS_PODFILE_DIR_PATH}/Podfile.lock",
				"${PODS_ROOT}/Manifest.lock",
			);
			name = "[CP] Check Pods Manifest.lock";
			outputFileListPaths = (
			);
			outputPaths = (
				"$(DERIVED_FILE_DIR)/Pods-FilmzillaTests-checkManifestLockResult.txt",
			);
			runOnlyForDeploymentPostprocessing = 0;
			shellPath = /bin/sh;
			shellScript = "diff \"${PODS_PODFILE_DIR_PATH}/Podfile.lock\" \"${PODS_ROOT}/Manifest.lock\" > /dev/null\nif [ $? != 0 ] ; then\n    # print error to STDERR\n    echo \"error: The sandbox is not in sync with the Podfile.lock. Run 'pod install' or update your CocoaPods installation.\" >&2\n    exit 1\nfi\n# This output is used by Xcode 'outputs' to avoid re-running this script phase.\necho \"SUCCESS\" > \"${SCRIPT_OUTPUT_FILE_0}\"\n";
			showEnvVarsInLog = 0;
		};
		4EDA8D6F73E4E02DFEA8DC0C /* [CP] Check Pods Manifest.lock */ = {
			isa = PBXShellScriptBuildPhase;
			buildActionMask = 2147483647;
			files = (
			);
			inputFileListPaths = (
			);
			inputPaths = (
				"${PODS_PODFILE_DIR_PATH}/Podfile.lock",
				"${PODS_ROOT}/Manifest.lock",
			);
			name = "[CP] Check Pods Manifest.lock";
			outputFileListPaths = (
			);
			outputPaths = (
				"$(DERIVED_FILE_DIR)/Pods-Filmzilla-checkManifestLockResult.txt",
			);
			runOnlyForDeploymentPostprocessing = 0;
			shellPath = /bin/sh;
			shellScript = "diff \"${PODS_PODFILE_DIR_PATH}/Podfile.lock\" \"${PODS_ROOT}/Manifest.lock\" > /dev/null\nif [ $? != 0 ] ; then\n    # print error to STDERR\n    echo \"error: The sandbox is not in sync with the Podfile.lock. Run 'pod install' or update your CocoaPods installation.\" >&2\n    exit 1\nfi\n# This output is used by Xcode 'outputs' to avoid re-running this script phase.\necho \"SUCCESS\" > \"${SCRIPT_OUTPUT_FILE_0}\"\n";
			showEnvVarsInLog = 0;
		};
		55BEC6ADE719C1B98117BF2B /* [CP] Embed Pods Frameworks */ = {
			isa = PBXShellScriptBuildPhase;
			buildActionMask = 2147483647;
			files = (
			);
			inputFileListPaths = (
				"${PODS_ROOT}/Target Support Files/Pods-Filmzilla/Pods-Filmzilla-frameworks-${CONFIGURATION}-input-files.xcfilelist",
			);
			name = "[CP] Embed Pods Frameworks";
			outputFileListPaths = (
				"${PODS_ROOT}/Target Support Files/Pods-Filmzilla/Pods-Filmzilla-frameworks-${CONFIGURATION}-output-files.xcfilelist",
			);
			runOnlyForDeploymentPostprocessing = 0;
			shellPath = /bin/sh;
			shellScript = "\"${PODS_ROOT}/Target Support Files/Pods-Filmzilla/Pods-Filmzilla-frameworks.sh\"\n";
			showEnvVarsInLog = 0;
		};
		B0EDF94B4918EA6A0A17B92D /* [CP] Embed Pods Frameworks */ = {
			isa = PBXShellScriptBuildPhase;
			buildActionMask = 2147483647;
			files = (
			);
			inputFileListPaths = (
				"${PODS_ROOT}/Target Support Files/Pods-Filmzilla-FilmzillaUITests/Pods-Filmzilla-FilmzillaUITests-frameworks-${CONFIGURATION}-input-files.xcfilelist",
			);
			name = "[CP] Embed Pods Frameworks";
			outputFileListPaths = (
				"${PODS_ROOT}/Target Support Files/Pods-Filmzilla-FilmzillaUITests/Pods-Filmzilla-FilmzillaUITests-frameworks-${CONFIGURATION}-output-files.xcfilelist",
			);
			runOnlyForDeploymentPostprocessing = 0;
			shellPath = /bin/sh;
			shellScript = "\"${PODS_ROOT}/Target Support Files/Pods-Filmzilla-FilmzillaUITests/Pods-Filmzilla-FilmzillaUITests-frameworks.sh\"\n";
			showEnvVarsInLog = 0;
		};
		CB53748E860C6D4D1BFCD1F8 /* [CP] Check Pods Manifest.lock */ = {
			isa = PBXShellScriptBuildPhase;
			buildActionMask = 2147483647;
			files = (
			);
			inputFileListPaths = (
			);
			inputPaths = (
				"${PODS_PODFILE_DIR_PATH}/Podfile.lock",
				"${PODS_ROOT}/Manifest.lock",
			);
			name = "[CP] Check Pods Manifest.lock";
			outputFileListPaths = (
			);
			outputPaths = (
				"$(DERIVED_FILE_DIR)/Pods-Filmzilla-FilmzillaUITests-checkManifestLockResult.txt",
			);
			runOnlyForDeploymentPostprocessing = 0;
			shellPath = /bin/sh;
			shellScript = "diff \"${PODS_PODFILE_DIR_PATH}/Podfile.lock\" \"${PODS_ROOT}/Manifest.lock\" > /dev/null\nif [ $? != 0 ] ; then\n    # print error to STDERR\n    echo \"error: The sandbox is not in sync with the Podfile.lock. Run 'pod install' or update your CocoaPods installation.\" >&2\n    exit 1\nfi\n# This output is used by Xcode 'outputs' to avoid re-running this script phase.\necho \"SUCCESS\" > \"${SCRIPT_OUTPUT_FILE_0}\"\n";
			showEnvVarsInLog = 0;
		};
/* End PBXShellScriptBuildPhase section */

/* Begin PBXSourcesBuildPhase section */
		CA893EC624A3C754002B7117 /* Sources */ = {
			isa = PBXSourcesBuildPhase;
			buildActionMask = 2147483647;
			files = (
				CA893ECF24A3C754002B7117 /* AppDelegate.m in Sources */,
				CA893F0A24A3FED3002B7117 /* MovieCell.m in Sources */,
				CA893F0424A3D22B002B7117 /* MoviesViewController.m in Sources */,
				CAF29AB424A43F3A004AC1CF /* DetailsViewController.m in Sources */,
				CA8C11F624A826E4004CDCC2 /* TrailerViewController.m in Sources */,
				CA9409CB24A46236000558FC /* MovieCollectionCell.m in Sources */,
				CAC9A68F24A5857500C8922C /* ReviewCell.m in Sources */,
				CA893EE024A3C755002B7117 /* main.m in Sources */,
				CA893ED224A3C754002B7117 /* SceneDelegate.m in Sources */,
				CA8C11FF24A87735004CDCC2 /* GithubViewController.m in Sources */,
				CAC9A69224A5BD3000C8922C /* WatchlistController.m in Sources */,
				CA8C120224A87EAD004CDCC2 /* RecommendViewController.m in Sources */,
				CA9409C824A45F5F000558FC /* MoviesGridViewController.m in Sources */,
				CA8C11FC24A872B6004CDCC2 /* AboutViewController.m in Sources */,
				CAC9A68C24A576CA00C8922C /* ReviewController.m in Sources */,
			);
			runOnlyForDeploymentPostprocessing = 0;
		};
		CA893EE124A3C755002B7117 /* Sources */ = {
			isa = PBXSourcesBuildPhase;
			buildActionMask = 2147483647;
			files = (
				CA893EEA24A3C755002B7117 /* FilmzillaTests.m in Sources */,
			);
			runOnlyForDeploymentPostprocessing = 0;
		};
		CA893EEC24A3C755002B7117 /* Sources */ = {
			isa = PBXSourcesBuildPhase;
			buildActionMask = 2147483647;
			files = (
				CA893EF524A3C755002B7117 /* FilmzillaUITests.m in Sources */,
			);
			runOnlyForDeploymentPostprocessing = 0;
		};
/* End PBXSourcesBuildPhase section */

/* Begin PBXTargetDependency section */
		CA893EE724A3C755002B7117 /* PBXTargetDependency */ = {
			isa = PBXTargetDependency;
			target = CA893EC924A3C754002B7117 /* Filmzilla */;
			targetProxy = CA893EE624A3C755002B7117 /* PBXContainerItemProxy */;
		};
		CA893EF224A3C755002B7117 /* PBXTargetDependency */ = {
			isa = PBXTargetDependency;
			target = CA893EC924A3C754002B7117 /* Filmzilla */;
			targetProxy = CA893EF124A3C755002B7117 /* PBXContainerItemProxy */;
		};
/* End PBXTargetDependency section */

/* Begin PBXVariantGroup section */
		CA893ED624A3C754002B7117 /* Main.storyboard */ = {
			isa = PBXVariantGroup;
			children = (
				CA893ED724A3C754002B7117 /* Base */,
			);
			name = Main.storyboard;
			sourceTree = "<group>";
		};
		CA893EDB24A3C755002B7117 /* LaunchScreen.storyboard */ = {
			isa = PBXVariantGroup;
			children = (
				CA893EDC24A3C755002B7117 /* Base */,
			);
			name = LaunchScreen.storyboard;
			sourceTree = "<group>";
		};
/* End PBXVariantGroup section */

/* Begin XCBuildConfiguration section */
		CA893EF724A3C755002B7117 /* Debug */ = {
			isa = XCBuildConfiguration;
			buildSettings = {
				ALWAYS_SEARCH_USER_PATHS = NO;
				CLANG_ANALYZER_NONNULL = YES;
				CLANG_ANALYZER_NUMBER_OBJECT_CONVERSION = YES_AGGRESSIVE;
				CLANG_CXX_LANGUAGE_STANDARD = "gnu++14";
				CLANG_CXX_LIBRARY = "libc++";
				CLANG_ENABLE_MODULES = YES;
				CLANG_ENABLE_OBJC_ARC = YES;
				CLANG_ENABLE_OBJC_WEAK = YES;
				CLANG_WARN_BLOCK_CAPTURE_AUTORELEASING = YES;
				CLANG_WARN_BOOL_CONVERSION = YES;
				CLANG_WARN_COMMA = YES;
				CLANG_WARN_CONSTANT_CONVERSION = YES;
				CLANG_WARN_DEPRECATED_OBJC_IMPLEMENTATIONS = YES;
				CLANG_WARN_DIRECT_OBJC_ISA_USAGE = YES_ERROR;
				CLANG_WARN_DOCUMENTATION_COMMENTS = YES;
				CLANG_WARN_EMPTY_BODY = YES;
				CLANG_WARN_ENUM_CONVERSION = YES;
				CLANG_WARN_INFINITE_RECURSION = YES;
				CLANG_WARN_INT_CONVERSION = YES;
				CLANG_WARN_NON_LITERAL_NULL_CONVERSION = YES;
				CLANG_WARN_OBJC_IMPLICIT_RETAIN_SELF = YES;
				CLANG_WARN_OBJC_LITERAL_CONVERSION = YES;
				CLANG_WARN_OBJC_ROOT_CLASS = YES_ERROR;
				CLANG_WARN_RANGE_LOOP_ANALYSIS = YES;
				CLANG_WARN_STRICT_PROTOTYPES = YES;
				CLANG_WARN_SUSPICIOUS_MOVE = YES;
				CLANG_WARN_UNGUARDED_AVAILABILITY = YES_AGGRESSIVE;
				CLANG_WARN_UNREACHABLE_CODE = YES;
				CLANG_WARN__DUPLICATE_METHOD_MATCH = YES;
				COPY_PHASE_STRIP = NO;
				DEBUG_INFORMATION_FORMAT = dwarf;
				ENABLE_STRICT_OBJC_MSGSEND = YES;
				ENABLE_TESTABILITY = YES;
				GCC_C_LANGUAGE_STANDARD = gnu11;
				GCC_DYNAMIC_NO_PIC = NO;
				GCC_NO_COMMON_BLOCKS = YES;
				GCC_OPTIMIZATION_LEVEL = 0;
				GCC_PREPROCESSOR_DEFINITIONS = (
					"DEBUG=1",
					"$(inherited)",
				);
				GCC_WARN_64_TO_32_BIT_CONVERSION = YES;
				GCC_WARN_ABOUT_RETURN_TYPE = YES_ERROR;
				GCC_WARN_UNDECLARED_SELECTOR = YES;
				GCC_WARN_UNINITIALIZED_AUTOS = YES_AGGRESSIVE;
				GCC_WARN_UNUSED_FUNCTION = YES;
				GCC_WARN_UNUSED_VARIABLE = YES;
				IPHONEOS_DEPLOYMENT_TARGET = 13.5;
				MTL_ENABLE_DEBUG_INFO = INCLUDE_SOURCE;
				MTL_FAST_MATH = YES;
				ONLY_ACTIVE_ARCH = YES;
				SDKROOT = iphoneos;
			};
			name = Debug;
		};
		CA893EF824A3C755002B7117 /* Release */ = {
			isa = XCBuildConfiguration;
			buildSettings = {
				ALWAYS_SEARCH_USER_PATHS = NO;
				CLANG_ANALYZER_NONNULL = YES;
				CLANG_ANALYZER_NUMBER_OBJECT_CONVERSION = YES_AGGRESSIVE;
				CLANG_CXX_LANGUAGE_STANDARD = "gnu++14";
				CLANG_CXX_LIBRARY = "libc++";
				CLANG_ENABLE_MODULES = YES;
				CLANG_ENABLE_OBJC_ARC = YES;
				CLANG_ENABLE_OBJC_WEAK = YES;
				CLANG_WARN_BLOCK_CAPTURE_AUTORELEASING = YES;
				CLANG_WARN_BOOL_CONVERSION = YES;
				CLANG_WARN_COMMA = YES;
				CLANG_WARN_CONSTANT_CONVERSION = YES;
				CLANG_WARN_DEPRECATED_OBJC_IMPLEMENTATIONS = YES;
				CLANG_WARN_DIRECT_OBJC_ISA_USAGE = YES_ERROR;
				CLANG_WARN_DOCUMENTATION_COMMENTS = YES;
				CLANG_WARN_EMPTY_BODY = YES;
				CLANG_WARN_ENUM_CONVERSION = YES;
				CLANG_WARN_INFINITE_RECURSION = YES;
				CLANG_WARN_INT_CONVERSION = YES;
				CLANG_WARN_NON_LITERAL_NULL_CONVERSION = YES;
				CLANG_WARN_OBJC_IMPLICIT_RETAIN_SELF = YES;
				CLANG_WARN_OBJC_LITERAL_CONVERSION = YES;
				CLANG_WARN_OBJC_ROOT_CLASS = YES_ERROR;
				CLANG_WARN_RANGE_LOOP_ANALYSIS = YES;
				CLANG_WARN_STRICT_PROTOTYPES = YES;
				CLANG_WARN_SUSPICIOUS_MOVE = YES;
				CLANG_WARN_UNGUARDED_AVAILABILITY = YES_AGGRESSIVE;
				CLANG_WARN_UNREACHABLE_CODE = YES;
				CLANG_WARN__DUPLICATE_METHOD_MATCH = YES;
				COPY_PHASE_STRIP = NO;
				DEBUG_INFORMATION_FORMAT = "dwarf-with-dsym";
				ENABLE_NS_ASSERTIONS = NO;
				ENABLE_STRICT_OBJC_MSGSEND = YES;
				GCC_C_LANGUAGE_STANDARD = gnu11;
				GCC_NO_COMMON_BLOCKS = YES;
				GCC_WARN_64_TO_32_BIT_CONVERSION = YES;
				GCC_WARN_ABOUT_RETURN_TYPE = YES_ERROR;
				GCC_WARN_UNDECLARED_SELECTOR = YES;
				GCC_WARN_UNINITIALIZED_AUTOS = YES_AGGRESSIVE;
				GCC_WARN_UNUSED_FUNCTION = YES;
				GCC_WARN_UNUSED_VARIABLE = YES;
				IPHONEOS_DEPLOYMENT_TARGET = 13.5;
				MTL_ENABLE_DEBUG_INFO = NO;
				MTL_FAST_MATH = YES;
				SDKROOT = iphoneos;
				VALIDATE_PRODUCT = YES;
			};
			name = Release;
		};
		CA893EFA24A3C755002B7117 /* Debug */ = {
			isa = XCBuildConfiguration;
			baseConfigurationReference = D82987F7A3AEBFB01DDEAFEF /* Pods-Filmzilla.debug.xcconfig */;
			buildSettings = {
				ASSETCATALOG_COMPILER_APPICON_NAME = AppIcon;
				CODE_SIGN_STYLE = Automatic;
				DEVELOPMENT_TEAM = 79AU84K8RV;
				INFOPLIST_FILE = Filmzilla/Info.plist;
				LD_RUNPATH_SEARCH_PATHS = (
					"$(inherited)",
					"@executable_path/Frameworks",
				);
				PRODUCT_BUNDLE_IDENTIFIER = com.githelsuico.Filmzilla;
				PRODUCT_NAME = "$(TARGET_NAME)";
				TARGETED_DEVICE_FAMILY = "1,2";
			};
			name = Debug;
		};
		CA893EFB24A3C755002B7117 /* Release */ = {
			isa = XCBuildConfiguration;
			baseConfigurationReference = 51205690FCBBB8F4880CC78D /* Pods-Filmzilla.release.xcconfig */;
			buildSettings = {
				ASSETCATALOG_COMPILER_APPICON_NAME = AppIcon;
				CODE_SIGN_STYLE = Automatic;
				DEVELOPMENT_TEAM = 79AU84K8RV;
				INFOPLIST_FILE = Filmzilla/Info.plist;
				LD_RUNPATH_SEARCH_PATHS = (
					"$(inherited)",
					"@executable_path/Frameworks",
				);
				PRODUCT_BUNDLE_IDENTIFIER = com.githelsuico.Filmzilla;
				PRODUCT_NAME = "$(TARGET_NAME)";
				TARGETED_DEVICE_FAMILY = "1,2";
			};
			name = Release;
		};
		CA893EFD24A3C755002B7117 /* Debug */ = {
			isa = XCBuildConfiguration;
			baseConfigurationReference = C87C010C4FE660A6EAA8828E /* Pods-FilmzillaTests.debug.xcconfig */;
			buildSettings = {
				BUNDLE_LOADER = "$(TEST_HOST)";
				CODE_SIGN_STYLE = Automatic;
				INFOPLIST_FILE = FilmzillaTests/Info.plist;
				IPHONEOS_DEPLOYMENT_TARGET = 13.5;
				LD_RUNPATH_SEARCH_PATHS = (
					"$(inherited)",
					"@executable_path/Frameworks",
					"@loader_path/Frameworks",
				);
				PRODUCT_BUNDLE_IDENTIFIER = com.githelsuico.FilmzillaTests;
				PRODUCT_NAME = "$(TARGET_NAME)";
				TARGETED_DEVICE_FAMILY = "1,2";
				TEST_HOST = "$(BUILT_PRODUCTS_DIR)/Filmzilla.app/Filmzilla";
			};
			name = Debug;
		};
		CA893EFE24A3C755002B7117 /* Release */ = {
			isa = XCBuildConfiguration;
			baseConfigurationReference = 05C98693F8B73422971E271D /* Pods-FilmzillaTests.release.xcconfig */;
			buildSettings = {
				BUNDLE_LOADER = "$(TEST_HOST)";
				CODE_SIGN_STYLE = Automatic;
				INFOPLIST_FILE = FilmzillaTests/Info.plist;
				IPHONEOS_DEPLOYMENT_TARGET = 13.5;
				LD_RUNPATH_SEARCH_PATHS = (
					"$(inherited)",
					"@executable_path/Frameworks",
					"@loader_path/Frameworks",
				);
				PRODUCT_BUNDLE_IDENTIFIER = com.githelsuico.FilmzillaTests;
				PRODUCT_NAME = "$(TARGET_NAME)";
				TARGETED_DEVICE_FAMILY = "1,2";
				TEST_HOST = "$(BUILT_PRODUCTS_DIR)/Filmzilla.app/Filmzilla";
			};
			name = Release;
		};
		CA893F0024A3C755002B7117 /* Debug */ = {
			isa = XCBuildConfiguration;
			baseConfigurationReference = B3F680E3F14886E4531AC3C6 /* Pods-Filmzilla-FilmzillaUITests.debug.xcconfig */;
			buildSettings = {
				CODE_SIGN_STYLE = Automatic;
				INFOPLIST_FILE = FilmzillaUITests/Info.plist;
				LD_RUNPATH_SEARCH_PATHS = (
					"$(inherited)",
					"@executable_path/Frameworks",
					"@loader_path/Frameworks",
				);
				PRODUCT_BUNDLE_IDENTIFIER = com.githelsuico.FilmzillaUITests;
				PRODUCT_NAME = "$(TARGET_NAME)";
				TARGETED_DEVICE_FAMILY = "1,2";
				TEST_TARGET_NAME = Filmzilla;
			};
			name = Debug;
		};
		CA893F0124A3C755002B7117 /* Release */ = {
			isa = XCBuildConfiguration;
			baseConfigurationReference = 1336E71C483B15422829721E /* Pods-Filmzilla-FilmzillaUITests.release.xcconfig */;
			buildSettings = {
				CODE_SIGN_STYLE = Automatic;
				INFOPLIST_FILE = FilmzillaUITests/Info.plist;
				LD_RUNPATH_SEARCH_PATHS = (
					"$(inherited)",
					"@executable_path/Frameworks",
					"@loader_path/Frameworks",
				);
				PRODUCT_BUNDLE_IDENTIFIER = com.githelsuico.FilmzillaUITests;
				PRODUCT_NAME = "$(TARGET_NAME)";
				TARGETED_DEVICE_FAMILY = "1,2";
				TEST_TARGET_NAME = Filmzilla;
			};
			name = Release;
		};
/* End XCBuildConfiguration section */

/* Begin XCConfigurationList section */
		CA893EC524A3C754002B7117 /* Build configuration list for PBXProject "Filmzilla" */ = {
			isa = XCConfigurationList;
			buildConfigurations = (
				CA893EF724A3C755002B7117 /* Debug */,
				CA893EF824A3C755002B7117 /* Release */,
			);
			defaultConfigurationIsVisible = 0;
			defaultConfigurationName = Release;
		};
		CA893EF924A3C755002B7117 /* Build configuration list for PBXNativeTarget "Filmzilla" */ = {
			isa = XCConfigurationList;
			buildConfigurations = (
				CA893EFA24A3C755002B7117 /* Debug */,
				CA893EFB24A3C755002B7117 /* Release */,
			);
			defaultConfigurationIsVisible = 0;
			defaultConfigurationName = Release;
		};
		CA893EFC24A3C755002B7117 /* Build configuration list for PBXNativeTarget "FilmzillaTests" */ = {
			isa = XCConfigurationList;
			buildConfigurations = (
				CA893EFD24A3C755002B7117 /* Debug */,
				CA893EFE24A3C755002B7117 /* Release */,
			);
			defaultConfigurationIsVisible = 0;
			defaultConfigurationName = Release;
		};
		CA893EFF24A3C755002B7117 /* Build configuration list for PBXNativeTarget "FilmzillaUITests" */ = {
			isa = XCConfigurationList;
			buildConfigurations = (
				CA893F0024A3C755002B7117 /* Debug */,
				CA893F0124A3C755002B7117 /* Release */,
			);
			defaultConfigurationIsVisible = 0;
			defaultConfigurationName = Release;
		};
/* End XCConfigurationList section */
	};
	rootObject = CA893EC224A3C754002B7117 /* Project object */;
}
